
Microsoft Visual Studio Solution File, Format Version 12.00
# Visual Studio Version 16
VisualStudioVersion = 16.0.30204.135
MinimumVisualStudioVersion = 10.0.40219.1
Project("{9A19103F-16F7-4668-BE54-9A1E7A4F7556}") = "LoanManage", "LoanManage\LoanManage.csproj", "{E7DD42CC-7010-4DF5-8763-F4EDA67FDEFB}"
EndProject
Project("{9A19103F-16F7-4668-BE54-9A1E7A4F7556}") = "APIGateway", "APIGateway\APIGateway.csproj", "{0670E065-8309-42FE-A44F-B48E397F3745}"
EndProject
Project("{9A19103F-16F7-4668-BE54-9A1E7A4F7556}") = "Authentication", "Authentication\Authentication.csproj", "{22C328FD-0860-4789-9EC0-BCCE13EFC8AD}"
EndProject
Project("{FAE04EC0-301F-11D3-BF4B-00C04F79EFBC}") = "MSUnitTest", "MSUnitTest\MSUnitTest.csproj", "{9AF159A3-474A-46F0-9CF1-DF165991EEA4}"
EndProject
Global
	GlobalSection(SolutionConfigurationPlatforms) = preSolution
		Debug|Any CPU = Debug|Any CPU
		Release|Any CPU = Release|Any CPU
	EndGlobalSection
	GlobalSection(ProjectConfigurationPlatforms) = postSolution
		{E7DD42CC-7010-4DF5-8763-F4EDA67FDEFB}.Debug|Any CPU.ActiveCfg = Debug|Any CPU
		{E7DD42CC-7010-4DF5-8763-F4EDA67FDEFB}.Debug|Any CPU.Build.0 = Debug|Any CPU
		{E7DD42CC-7010-4DF5-8763-F4EDA67FDEFB}.Release|Any CPU.ActiveCfg = Release|Any CPU
		{E7DD42CC-7010-4DF5-8763-F4EDA67FDEFB}.Release|Any CPU.Build.0 = Release|Any CPU
		{0670E065-8309-42FE-A44F-B48E397F3745}.Debug|Any CPU.ActiveCfg = Debug|Any CPU
		{0670E065-8309-42FE-A44F-B48E397F3745}.Debug|Any CPU.Build.0 = Debug|Any CPU
		{0670E065-8309-42FE-A44F-B48E397F3745}.Release|Any CPU.ActiveCfg = Release|Any CPU
		{0670E065-8309-42FE-A44F-B48E397F3745}.Release|Any CPU.Build.0 = Release|Any CPU
		{22C328FD-0860-4789-9EC0-BCCE13EFC8AD}.Debug|Any CPU.ActiveCfg = Debug|Any CPU
		{22C328FD-0860-4789-9EC0-BCCE13EFC8AD}.Debug|Any CPU.Build.0 = Debug|Any CPU
		{22C328FD-0860-4789-9EC0-BCCE13EFC8AD}.Release|Any CPU.ActiveCfg = Release|Any CPU
		{22C328FD-0860-4789-9EC0-BCCE13EFC8AD}.Release|Any CPU.Build.0 = Release|Any CPU
		{9AF159A3-474A-46F0-9CF1-DF165991EEA4}.Debug|Any CPU.ActiveCfg = Debug|Any CPU
		{9AF159A3-474A-46F0-9CF1-DF165991EEA4}.Debug|Any CPU.Build.0 = Debug|Any CPU
		{9AF159A3-474A-46F0-9CF1-DF165991EEA4}.Release|Any CPU.ActiveCfg = Release|Any CPU
		{9AF159A3-474A-46F0-9CF1-DF165991EEA4}.Release|Any CPU.Build.0 = Release|Any CPU
	EndGlobalSection
	GlobalSection(SolutionProperties) = preSolution
		HideSolutionNode = FALSE
	EndGlobalSection
	GlobalSection(ExtensibilityGlobals) = postSolution
		SolutionGuid = {57AEB50D-5DDB-4884-B59B-3295317A299D}
	EndGlobalSection
EndGlobal
